
Microsoft Visual Studio Solution File, Format Version 12.00
Project("{FAE04EC0-301F-11D3-BF4B-00C04F79EFBC}") = "RunningStatistics", "src\RunningStatistics\RunningStatistics.csproj", "{FF443DA7-57C5-425E-9BD9-0F2F95C38780}"
EndProject
Project("{FAE04EC0-301F-11D3-BF4B-00C04F79EFBC}") = "RunningStatistics.Tests", "tests\RunningStatistics.Tests\RunningStatistics.Tests.csproj", "{22CBFE0B-6054-4325-BBFF-4108791D355A}"
EndProject
Project("{FAE04EC0-301F-11D3-BF4B-00C04F79EFBC}") = "RunningStatistics.Benchmarks", "tests\RunningStatistics.Benchmarks\RunningStatistics.Benchmarks.csproj", "{D47E2583-10AE-4359-BF5A-F0EF124AB583}"
EndProject
Global
	GlobalSection(SolutionConfigurationPlatforms) = preSolution
		Debug|Any CPU = Debug|Any CPU
		Release|Any CPU = Release|Any CPU
	EndGlobalSection
	GlobalSection(ProjectConfigurationPlatforms) = postSolution
		{FF443DA7-57C5-425E-9BD9-0F2F95C38780}.Debug|Any CPU.ActiveCfg = Debug|Any CPU
		{FF443DA7-57C5-425E-9BD9-0F2F95C38780}.Debug|Any CPU.Build.0 = Debug|Any CPU
		{FF443DA7-57C5-425E-9BD9-0F2F95C38780}.Release|Any CPU.ActiveCfg = Release|Any CPU
		{FF443DA7-57C5-425E-9BD9-0F2F95C38780}.Release|Any CPU.Build.0 = Release|Any CPU
		{22CBFE0B-6054-4325-BBFF-4108791D355A}.Debug|Any CPU.ActiveCfg = Debug|Any CPU
		{22CBFE0B-6054-4325-BBFF-4108791D355A}.Debug|Any CPU.Build.0 = Debug|Any CPU
		{22CBFE0B-6054-4325-BBFF-4108791D355A}.Release|Any CPU.ActiveCfg = Release|Any CPU
		{22CBFE0B-6054-4325-BBFF-4108791D355A}.Release|Any CPU.Build.0 = Release|Any CPU
		{D47E2583-10AE-4359-BF5A-F0EF124AB583}.Debug|Any CPU.ActiveCfg = Debug|Any CPU
		{D47E2583-10AE-4359-BF5A-F0EF124AB583}.Debug|Any CPU.Build.0 = Debug|Any CPU
		{D47E2583-10AE-4359-BF5A-F0EF124AB583}.Release|Any CPU.ActiveCfg = Release|Any CPU
		{D47E2583-10AE-4359-BF5A-F0EF124AB583}.Release|Any CPU.Build.0 = Release|Any CPU
	EndGlobalSection
EndGlobal
