
Microsoft Visual Studio Solution File, Format Version 12.00
# Visual Studio Version 16
VisualStudioVersion = 16.0.31624.102
MinimumVisualStudioVersion = 10.0.40219.1
Project("{9A19103F-16F7-4668-BE54-9A1E7A4F7556}") = "RunningStatistics", "RunningStatistics\RunningStatistics.csproj", "{07C4C327-FC49-4919-9B76-25C5705ADED9}"
EndProject
Project("{FAE04EC0-301F-11D3-BF4B-00C04F79EFBC}") = "RunningStatistics.Test", "RunningStatistics.Test\RunningStatistics.Test.csproj", "{38A4952E-60BC-46D3-B08D-B21ED2491375}"
EndProject
Global
	GlobalSection(SolutionConfigurationPlatforms) = preSolution
		Debug|Any CPU = Debug|Any CPU
		Release|Any CPU = Release|Any CPU
	EndGlobalSection
	GlobalSection(ProjectConfigurationPlatforms) = postSolution
		{07C4C327-FC49-4919-9B76-25C5705ADED9}.Debug|Any CPU.ActiveCfg = Debug|Any CPU
		{07C4C327-FC49-4919-9B76-25C5705ADED9}.Debug|Any CPU.Build.0 = Debug|Any CPU
		{07C4C327-FC49-4919-9B76-25C5705ADED9}.Release|Any CPU.ActiveCfg = Release|Any CPU
		{07C4C327-FC49-4919-9B76-25C5705ADED9}.Release|Any CPU.Build.0 = Release|Any CPU
		{38A4952E-60BC-46D3-B08D-B21ED2491375}.Debug|Any CPU.ActiveCfg = Debug|Any CPU
		{38A4952E-60BC-46D3-B08D-B21ED2491375}.Debug|Any CPU.Build.0 = Debug|Any CPU
		{38A4952E-60BC-46D3-B08D-B21ED2491375}.Release|Any CPU.ActiveCfg = Release|Any CPU
		{38A4952E-60BC-46D3-B08D-B21ED2491375}.Release|Any CPU.Build.0 = Release|Any CPU
	EndGlobalSection
	GlobalSection(SolutionProperties) = preSolution
		HideSolutionNode = FALSE
	EndGlobalSection
	GlobalSection(ExtensibilityGlobals) = postSolution
		SolutionGuid = {E8EAF849-5A0F-442C-9684-0B1824D592B7}
	EndGlobalSection
EndGlobal
